
Microsoft Visual Studio Solution File, Format Version 12.00
# Visual Studio 2013
VisualStudioVersion = 12.0.31101.0
MinimumVisualStudioVersion = 10.0.40219.1
Project("{2150E333-8FDC-42A3-9474-1A3956D46DE8}") = "Serialization", "Serialization", "{4313D699-E886-4677-8F34-EBA89C4F847B}"
EndProject
Project("{FAE04EC0-301F-11D3-BF4B-00C04F79EFBC}") = "Serialize List", "Serialize List\Serialize List.csproj", "{38ADA77C-CD41-45DA-982A-216840753F64}"
EndProject
Project("{FAE04EC0-301F-11D3-BF4B-00C04F79EFBC}") = "Operator", "Operator\Operator\Operator.csproj", "{BF5EBDCA-DD97-4566-B6EA-2768C107FA58}"
EndProject
Project("{FAE04EC0-301F-11D3-BF4B-00C04F79EFBC}") = "Null Coalescing Operator", "Operators Examples\Null Coalescing Operator\Null Coalescing Operator.csproj", "{041153D4-0630-4FE1-BC2C-6F74076583A4}"
EndProject
Project("{2150E333-8FDC-42A3-9474-1A3956D46DE8}") = "Operators", "Operators", "{625E9D4C-9A24-4449-84D8-7711AEBB5CB3}"
EndProject
Project("{FAE04EC0-301F-11D3-BF4B-00C04F79EFBC}") = "Operators Examples", "Operators Examples\Operators Examples\Operators Examples.csproj", "{C70DDB92-883C-427C-A4AD-4E98C851776E}"
EndProject
Project("{FAE04EC0-301F-11D3-BF4B-00C04F79EFBC}") = "Ternary Operator", "Operators Examples\Ternary Operator\Ternary Operator.csproj", "{23991429-01A3-40E6-9A27-779384576AB5}"
EndProject
Project("{2150E333-8FDC-42A3-9474-1A3956D46DE8}") = "Xml", "Xml", "{C455385C-372D-479F-A5EE-7E137F796706}"
EndProject
Project("{FAE04EC0-301F-11D3-BF4B-00C04F79EFBC}") = "XElement - Example", "Xml - Perl\XElement - Example\XElement - Example.csproj", "{7D9C153F-9FD4-479C-A962-CA4C42AE1894}"
EndProject
Project("{FAE04EC0-301F-11D3-BF4B-00C04F79EFBC}") = "XmlReader - Example", "Xml - Perl\Xml - Perl\XmlReader - Example.csproj", "{2BE87433-BFBF-4B87-AF2F-B103CBDD88EA}"
EndProject
Project("{FAE04EC0-301F-11D3-BF4B-00C04F79EFBC}") = "Xml Reader - Testing", "Xml - Perl\Xml Reader - Testing\Xml Reader - Testing.csproj", "{22B1F3A7-777F-4306-BABE-E5E58A042F81}"
EndProject
Project("{FAE04EC0-301F-11D3-BF4B-00C04F79EFBC}") = "XmlDocument - Example", "Xml - Perl\XmlDocument - Example\XmlDocument - Example.csproj", "{D45AF99A-D01F-438A-A417-917845691324}"
EndProject
Project("{FAE04EC0-301F-11D3-BF4B-00C04F79EFBC}") = "XmlTextWriter - Example", "Xml - Perl\XmlTextWriter - Example\XmlTextWriter - Example.csproj", "{30E5F915-EF8B-4E7E-8CAE-E78790949867}"
EndProject
Project("{FAE04EC0-301F-11D3-BF4B-00C04F79EFBC}") = "XmlWriter - Example", "Xml - Perl\XmlWriter - Example\XmlWriter - Example.csproj", "{D70985CD-38C3-445F-91FE-B911E572F58D}"
EndProject
Project("{FAE04EC0-301F-11D3-BF4B-00C04F79EFBC}") = "Generic Method", "Generic\Generic Method\Generic Method.csproj", "{EB3E8900-4B59-44D0-90D8-1AB67FB0C80A}"
EndProject
Project("{2150E333-8FDC-42A3-9474-1A3956D46DE8}") = "Generics", "Generics", "{2830B6FA-3539-4796-B8A5-BA302185426D}"
EndProject
Project("{FAE04EC0-301F-11D3-BF4B-00C04F79EFBC}") = "Generic Class", "Generic\Generic Class\Generic Class.csproj", "{A851D2B6-BF2F-4CC4-BE00-15872EF28B9E}"
EndProject
Project("{FAE04EC0-301F-11D3-BF4B-00C04F79EFBC}") = "Basic Generic Usage", "Generic\Basic Generic Usage\Basic Generic Usage.csproj", "{B2230FDA-1752-4891-BA99-B117CB1CE74B}"
EndProject
Project("{FAE04EC0-301F-11D3-BF4B-00C04F79EFBC}") = "File Stream", "File Stream\File Stream\File Stream.csproj", "{88AB19E4-4700-43A4-9F70-F775CC83D91A}"
EndProject
Project("{FAE04EC0-301F-11D3-BF4B-00C04F79EFBC}") = "Using Tuples", "Using Tuples\Using Tuples\Using Tuples.csproj", "{D83344CF-E719-44A5-B72B-09E76FF44574}"
EndProject
Project("{2150E333-8FDC-42A3-9474-1A3956D46DE8}") = "Regex", "Regex", "{830BCED4-7DF4-43E9-B842-4BE82F38C307}"
EndProject
Project("{FAE04EC0-301F-11D3-BF4B-00C04F79EFBC}") = "Regex Examples", "Regex Examples\Regex Examples\Regex Examples.csproj", "{EFDAE53E-CD66-49B6-993F-DECF0EB82142}"
EndProject
Project("{FAE04EC0-301F-11D3-BF4B-00C04F79EFBC}") = "Regex Groups", "Regex Examples\Regex Groups\Regex Groups.csproj", "{6BCAA928-803E-4712-BC67-1308D9157BD6}"
EndProject
Project("{FAE04EC0-301F-11D3-BF4B-00C04F79EFBC}") = "Regex IsMatch", "Regex Examples\Regex IsMatch\Regex IsMatch.csproj", "{A3F0B94A-1146-480A-9AFD-78209EC5F9CE}"
EndProject
Project("{FAE04EC0-301F-11D3-BF4B-00C04F79EFBC}") = "Regex Match", "Regex Examples\Regex Match\Regex Match.csproj", "{DD50A175-DF2B-4AA8-A104-936DF18B597B}"
EndProject
Project("{FAE04EC0-301F-11D3-BF4B-00C04F79EFBC}") = "Regex Matches", "Regex Examples\Regex Matches\Regex Matches.csproj", "{BAD43BEC-2B33-4655-85A0-070264DFDEB7}"
EndProject
Project("{FAE04EC0-301F-11D3-BF4B-00C04F79EFBC}") = "Regex Matches Quote", "Regex Examples\Regex Matches Quote\Regex Matches Quote.csproj", "{B4553371-AAF4-4803-B026-E4DE0233EC25}"
EndProject
Project("{FAE04EC0-301F-11D3-BF4B-00C04F79EFBC}") = "Regex Split", "Regex Examples\Regex Split\Regex Split.csproj", "{653CBD88-EB32-4BA8-B0E1-808B87A02CC9}"
EndProject
Project("{FAE04EC0-301F-11D3-BF4B-00C04F79EFBC}") = "RegexOptions Compile", "Regex Examples\RegexOptions Compile\RegexOptions Compile.csproj", "{F6BE5083-DA7B-41EE-9FD6-CDE35F17CA46}"
EndProject
Project("{FAE04EC0-301F-11D3-BF4B-00C04F79EFBC}") = "RegexOptions Multilines", "Regex Examples\RegexOptions Multilines\RegexOptions Multilines.csproj", "{9618EEEB-6D6E-4412-9EC9-3FCEEAC50107}"
EndProject
Project("{FAE04EC0-301F-11D3-BF4B-00C04F79EFBC}") = "Using Indexer", "Using Indexer\Using Indexer\Using Indexer.csproj", "{60F2702F-9CB0-4AF9-AC4B-B9FC8A41C524}"
EndProject
Project("{FAE04EC0-301F-11D3-BF4B-00C04F79EFBC}") = "RichTextBox Demo", "RichTextBox Demo\RichTextBox Demo.csproj", "{1406850B-AA47-47E7-9905-FC9549C61D72}"
EndProject
Project("{2150E333-8FDC-42A3-9474-1A3956D46DE8}") = "Delegates", "Delegates", "{B0314FE7-B073-4135-96BB-D3E8341F5F8A}"
EndProject
Project("{FAE04EC0-301F-11D3-BF4B-00C04F79EFBC}") = "Delegates Predicate", "Delegates Predicate\Delegates Predicate.csproj", "{1F6FD82D-76D6-4939-B93A-74BCED65223D}"
EndProject
Project("{FAE04EC0-301F-11D3-BF4B-00C04F79EFBC}") = "Delegates Advanced", "Delegates Advanced\Delegates Advanced.csproj", "{44FBF35B-9A84-4816-B363-39C683F5DC81}"
EndProject
Project("{FAE04EC0-301F-11D3-BF4B-00C04F79EFBC}") = "Delegate With Lambda", "Delegate With Lambda\Delegate With Lambda.csproj", "{EC7664E7-01A7-4A63-B69F-453E86A533FE}"
EndProject
Project("{FAE04EC0-301F-11D3-BF4B-00C04F79EFBC}") = "Delegates", "Delegates\Delegates.csproj", "{58198994-3A76-4B0E-9E75-D6A20C67F9FB}"
EndProject
Project("{2150E333-8FDC-42A3-9474-1A3956D46DE8}") = "IO", "IO", "{EAD85B79-97AC-489C-9B9C-90C4A31F805A}"
EndProject
Project("{FAE04EC0-301F-11D3-BF4B-00C04F79EFBC}") = "Prime Numbers", "Prime Numbers\Prime Numbers.csproj", "{AC0140DA-EA8D-46C4-90A7-B55A4489C988}"
EndProject
Project("{FAE04EC0-301F-11D3-BF4B-00C04F79EFBC}") = "Hex Numbers", "Hex Numbers\Hex Numbers.csproj", "{423A1FF3-AE8D-4EFE-8059-4A6A3B29A89D}"
EndProject
Project("{2150E333-8FDC-42A3-9474-1A3956D46DE8}") = "Types", "Types", "{D7993B08-2C54-418F-904D-162F63121DCE}"
EndProject
Project("{FAE04EC0-301F-11D3-BF4B-00C04F79EFBC}") = "Enumeration", "Enumeration\Enumeration.csproj", "{4CC42460-B6FC-49BC-9677-6F3347F8B272}"
EndProject
Project("{FAE04EC0-301F-11D3-BF4B-00C04F79EFBC}") = "Math Floor Class", "Math Floor Class\Math Floor Class.csproj", "{78A57DD5-822C-42F7-A843-0B7421D07931}"
EndProject
Project("{FAE04EC0-301F-11D3-BF4B-00C04F79EFBC}") = "Math Round Class", "Math Round Class\Math Round Class.csproj", "{1EE0384C-0009-4A94-A9EA-40E8D7E430F8}"
EndProject
Project("{FAE04EC0-301F-11D3-BF4B-00C04F79EFBC}") = "Async and Await", "Async and Await\Async and Await.csproj", "{102D0B01-A6C3-45C8-8DFB-E92E0B927D0F}"
EndProject
Project("{FAE04EC0-301F-11D3-BF4B-00C04F79EFBC}") = "Fixed Pointer", "Fixed Pointer\Fixed Pointer.csproj", "{043BEB85-B76E-4417-BA87-198CADDD4F38}"
EndProject
Project("{FAE04EC0-301F-11D3-BF4B-00C04F79EFBC}") = "Enum Flags", "Enum Flags\Enum Flags.csproj", "{C9A9CD74-8B05-4235-B85D-ADE63B712965}"
EndProject
Project("{FAE04EC0-301F-11D3-BF4B-00C04F79EFBC}") = "Lazy Loading", "Lazy Loading\Lazy Loading.csproj", "{0953F00D-AB62-4F82-9A70-AB33680AFA20}"
EndProject
Project("{FAE04EC0-301F-11D3-BF4B-00C04F79EFBC}") = "Pointer Fixed", "Pointer Fixed\Pointer Fixed.csproj", "{109DD605-D918-46C8-8DE0-AEE00FD6A3F8}"
EndProject
Project("{FAE04EC0-301F-11D3-BF4B-00C04F79EFBC}") = "Jagged Arrays", "Jagged Arrays\Jagged Arrays.csproj", "{1505FC12-8237-405D-B4EB-1C33146B1FD6}"
EndProject
Project("{FAE04EC0-301F-11D3-BF4B-00C04F79EFBC}") = "2D Arrays", "2D Arrays\2D Arrays.csproj", "{6BE28238-A1D5-4447-8DE3-F603A69AEF05}"
EndProject
Project("{FAE04EC0-301F-11D3-BF4B-00C04F79EFBC}") = "Checked example", "Checked example\Checked example.csproj", "{26F5BEC5-C359-467F-A602-1421F04F7117}"
EndProject
Project("{FAE04EC0-301F-11D3-BF4B-00C04F79EFBC}") = "Dynamic Example", "Dynamic Example\Dynamic Example.csproj", "{113423C2-C739-4914-BB36-08136480853C}"
EndProject
Project("{FAE04EC0-301F-11D3-BF4B-00C04F79EFBC}") = "PadLeft and PadRight", "PadLeft and PadRight\PadLeft and PadRight.csproj", "{15272A17-BBE8-44ED-808B-2AAEB4FBB6A1}"
EndProject
Project("{FAE04EC0-301F-11D3-BF4B-00C04F79EFBC}") = "HttpClient Sample", "HttpClient Sample\HttpClient Sample.csproj", "{B37FE516-B704-47C2-ABC1-B9A106D08A73}"
EndProject
Project("{FAE04EC0-301F-11D3-BF4B-00C04F79EFBC}") = "Events Example", "Events Example\Events Example.csproj", "{90473A08-6816-40E5-B169-352E732F5E04}"
EndProject
Project("{FAE04EC0-301F-11D3-BF4B-00C04F79EFBC}") = "DateTime Formatting", "DateTime Formatting\DateTime Formatting.csproj", "{46647304-AA05-43FE-A62B-E6C8CF720B7E}"
EndProject
Project("{FAE04EC0-301F-11D3-BF4B-00C04F79EFBC}") = "Part_3", "Part_3\Part_3.csproj", "{AC4D799E-8D4B-4FFA-B4E6-5410A03E09EB}"
EndProject
Project("{FAE04EC0-301F-11D3-BF4B-00C04F79EFBC}") = "Fibonacci", "Fibonacci\Fibonacci.csproj", "{2AD0BC91-0BDE-4E6F-A45F-3B63B5944921}"
EndProject
Global
	GlobalSection(SolutionConfigurationPlatforms) = preSolution
		Debug|Any CPU = Debug|Any CPU
		Release|Any CPU = Release|Any CPU
	EndGlobalSection
	GlobalSection(ProjectConfigurationPlatforms) = postSolution
		{38ADA77C-CD41-45DA-982A-216840753F64}.Debug|Any CPU.ActiveCfg = Debug|Any CPU
		{38ADA77C-CD41-45DA-982A-216840753F64}.Debug|Any CPU.Build.0 = Debug|Any CPU
		{38ADA77C-CD41-45DA-982A-216840753F64}.Release|Any CPU.ActiveCfg = Release|Any CPU
		{38ADA77C-CD41-45DA-982A-216840753F64}.Release|Any CPU.Build.0 = Release|Any CPU
		{BF5EBDCA-DD97-4566-B6EA-2768C107FA58}.Debug|Any CPU.ActiveCfg = Debug|Any CPU
		{BF5EBDCA-DD97-4566-B6EA-2768C107FA58}.Debug|Any CPU.Build.0 = Debug|Any CPU
		{BF5EBDCA-DD97-4566-B6EA-2768C107FA58}.Release|Any CPU.ActiveCfg = Release|Any CPU
		{BF5EBDCA-DD97-4566-B6EA-2768C107FA58}.Release|Any CPU.Build.0 = Release|Any CPU
		{041153D4-0630-4FE1-BC2C-6F74076583A4}.Debug|Any CPU.ActiveCfg = Debug|Any CPU
		{041153D4-0630-4FE1-BC2C-6F74076583A4}.Debug|Any CPU.Build.0 = Debug|Any CPU
		{041153D4-0630-4FE1-BC2C-6F74076583A4}.Release|Any CPU.ActiveCfg = Release|Any CPU
		{041153D4-0630-4FE1-BC2C-6F74076583A4}.Release|Any CPU.Build.0 = Release|Any CPU
		{C70DDB92-883C-427C-A4AD-4E98C851776E}.Debug|Any CPU.ActiveCfg = Debug|Any CPU
		{C70DDB92-883C-427C-A4AD-4E98C851776E}.Debug|Any CPU.Build.0 = Debug|Any CPU
		{C70DDB92-883C-427C-A4AD-4E98C851776E}.Release|Any CPU.ActiveCfg = Release|Any CPU
		{C70DDB92-883C-427C-A4AD-4E98C851776E}.Release|Any CPU.Build.0 = Release|Any CPU
		{23991429-01A3-40E6-9A27-779384576AB5}.Debug|Any CPU.ActiveCfg = Debug|Any CPU
		{23991429-01A3-40E6-9A27-779384576AB5}.Debug|Any CPU.Build.0 = Debug|Any CPU
		{23991429-01A3-40E6-9A27-779384576AB5}.Release|Any CPU.ActiveCfg = Release|Any CPU
		{23991429-01A3-40E6-9A27-779384576AB5}.Release|Any CPU.Build.0 = Release|Any CPU
		{7D9C153F-9FD4-479C-A962-CA4C42AE1894}.Debug|Any CPU.ActiveCfg = Debug|Any CPU
		{7D9C153F-9FD4-479C-A962-CA4C42AE1894}.Debug|Any CPU.Build.0 = Debug|Any CPU
		{7D9C153F-9FD4-479C-A962-CA4C42AE1894}.Release|Any CPU.ActiveCfg = Release|Any CPU
		{7D9C153F-9FD4-479C-A962-CA4C42AE1894}.Release|Any CPU.Build.0 = Release|Any CPU
		{2BE87433-BFBF-4B87-AF2F-B103CBDD88EA}.Debug|Any CPU.ActiveCfg = Debug|Any CPU
		{2BE87433-BFBF-4B87-AF2F-B103CBDD88EA}.Debug|Any CPU.Build.0 = Debug|Any CPU
		{2BE87433-BFBF-4B87-AF2F-B103CBDD88EA}.Release|Any CPU.ActiveCfg = Release|Any CPU
		{2BE87433-BFBF-4B87-AF2F-B103CBDD88EA}.Release|Any CPU.Build.0 = Release|Any CPU
		{22B1F3A7-777F-4306-BABE-E5E58A042F81}.Debug|Any CPU.ActiveCfg = Debug|Any CPU
		{22B1F3A7-777F-4306-BABE-E5E58A042F81}.Debug|Any CPU.Build.0 = Debug|Any CPU
		{22B1F3A7-777F-4306-BABE-E5E58A042F81}.Release|Any CPU.ActiveCfg = Release|Any CPU
		{22B1F3A7-777F-4306-BABE-E5E58A042F81}.Release|Any CPU.Build.0 = Release|Any CPU
		{D45AF99A-D01F-438A-A417-917845691324}.Debug|Any CPU.ActiveCfg = Debug|Any CPU
		{D45AF99A-D01F-438A-A417-917845691324}.Debug|Any CPU.Build.0 = Debug|Any CPU
		{D45AF99A-D01F-438A-A417-917845691324}.Release|Any CPU.ActiveCfg = Release|Any CPU
		{D45AF99A-D01F-438A-A417-917845691324}.Release|Any CPU.Build.0 = Release|Any CPU
		{30E5F915-EF8B-4E7E-8CAE-E78790949867}.Debug|Any CPU.ActiveCfg = Debug|Any CPU
		{30E5F915-EF8B-4E7E-8CAE-E78790949867}.Debug|Any CPU.Build.0 = Debug|Any CPU
		{30E5F915-EF8B-4E7E-8CAE-E78790949867}.Release|Any CPU.ActiveCfg = Release|Any CPU
		{30E5F915-EF8B-4E7E-8CAE-E78790949867}.Release|Any CPU.Build.0 = Release|Any CPU
		{D70985CD-38C3-445F-91FE-B911E572F58D}.Debug|Any CPU.ActiveCfg = Debug|Any CPU
		{D70985CD-38C3-445F-91FE-B911E572F58D}.Debug|Any CPU.Build.0 = Debug|Any CPU
		{D70985CD-38C3-445F-91FE-B911E572F58D}.Release|Any CPU.ActiveCfg = Release|Any CPU
		{D70985CD-38C3-445F-91FE-B911E572F58D}.Release|Any CPU.Build.0 = Release|Any CPU
		{EB3E8900-4B59-44D0-90D8-1AB67FB0C80A}.Debug|Any CPU.ActiveCfg = Debug|Any CPU
		{EB3E8900-4B59-44D0-90D8-1AB67FB0C80A}.Debug|Any CPU.Build.0 = Debug|Any CPU
		{EB3E8900-4B59-44D0-90D8-1AB67FB0C80A}.Release|Any CPU.ActiveCfg = Release|Any CPU
		{EB3E8900-4B59-44D0-90D8-1AB67FB0C80A}.Release|Any CPU.Build.0 = Release|Any CPU
		{A851D2B6-BF2F-4CC4-BE00-15872EF28B9E}.Debug|Any CPU.ActiveCfg = Debug|Any CPU
		{A851D2B6-BF2F-4CC4-BE00-15872EF28B9E}.Debug|Any CPU.Build.0 = Debug|Any CPU
		{A851D2B6-BF2F-4CC4-BE00-15872EF28B9E}.Release|Any CPU.ActiveCfg = Release|Any CPU
		{A851D2B6-BF2F-4CC4-BE00-15872EF28B9E}.Release|Any CPU.Build.0 = Release|Any CPU
		{B2230FDA-1752-4891-BA99-B117CB1CE74B}.Debug|Any CPU.ActiveCfg = Debug|Any CPU
		{B2230FDA-1752-4891-BA99-B117CB1CE74B}.Debug|Any CPU.Build.0 = Debug|Any CPU
		{B2230FDA-1752-4891-BA99-B117CB1CE74B}.Release|Any CPU.ActiveCfg = Release|Any CPU
		{B2230FDA-1752-4891-BA99-B117CB1CE74B}.Release|Any CPU.Build.0 = Release|Any CPU
		{88AB19E4-4700-43A4-9F70-F775CC83D91A}.Debug|Any CPU.ActiveCfg = Debug|Any CPU
		{88AB19E4-4700-43A4-9F70-F775CC83D91A}.Debug|Any CPU.Build.0 = Debug|Any CPU
		{88AB19E4-4700-43A4-9F70-F775CC83D91A}.Release|Any CPU.ActiveCfg = Release|Any CPU
		{88AB19E4-4700-43A4-9F70-F775CC83D91A}.Release|Any CPU.Build.0 = Release|Any CPU
		{D83344CF-E719-44A5-B72B-09E76FF44574}.Debug|Any CPU.ActiveCfg = Debug|Any CPU
		{D83344CF-E719-44A5-B72B-09E76FF44574}.Debug|Any CPU.Build.0 = Debug|Any CPU
		{D83344CF-E719-44A5-B72B-09E76FF44574}.Release|Any CPU.ActiveCfg = Release|Any CPU
		{D83344CF-E719-44A5-B72B-09E76FF44574}.Release|Any CPU.Build.0 = Release|Any CPU
		{EFDAE53E-CD66-49B6-993F-DECF0EB82142}.Debug|Any CPU.ActiveCfg = Debug|Any CPU
		{EFDAE53E-CD66-49B6-993F-DECF0EB82142}.Debug|Any CPU.Build.0 = Debug|Any CPU
		{EFDAE53E-CD66-49B6-993F-DECF0EB82142}.Release|Any CPU.ActiveCfg = Release|Any CPU
		{EFDAE53E-CD66-49B6-993F-DECF0EB82142}.Release|Any CPU.Build.0 = Release|Any CPU
		{6BCAA928-803E-4712-BC67-1308D9157BD6}.Debug|Any CPU.ActiveCfg = Debug|Any CPU
		{6BCAA928-803E-4712-BC67-1308D9157BD6}.Debug|Any CPU.Build.0 = Debug|Any CPU
		{6BCAA928-803E-4712-BC67-1308D9157BD6}.Release|Any CPU.ActiveCfg = Release|Any CPU
		{6BCAA928-803E-4712-BC67-1308D9157BD6}.Release|Any CPU.Build.0 = Release|Any CPU
		{A3F0B94A-1146-480A-9AFD-78209EC5F9CE}.Debug|Any CPU.ActiveCfg = Debug|Any CPU
		{A3F0B94A-1146-480A-9AFD-78209EC5F9CE}.Debug|Any CPU.Build.0 = Debug|Any CPU
		{A3F0B94A-1146-480A-9AFD-78209EC5F9CE}.Release|Any CPU.ActiveCfg = Release|Any CPU
		{A3F0B94A-1146-480A-9AFD-78209EC5F9CE}.Release|Any CPU.Build.0 = Release|Any CPU
		{DD50A175-DF2B-4AA8-A104-936DF18B597B}.Debug|Any CPU.ActiveCfg = Debug|Any CPU
		{DD50A175-DF2B-4AA8-A104-936DF18B597B}.Debug|Any CPU.Build.0 = Debug|Any CPU
		{DD50A175-DF2B-4AA8-A104-936DF18B597B}.Release|Any CPU.ActiveCfg = Release|Any CPU
		{DD50A175-DF2B-4AA8-A104-936DF18B597B}.Release|Any CPU.Build.0 = Release|Any CPU
		{BAD43BEC-2B33-4655-85A0-070264DFDEB7}.Debug|Any CPU.ActiveCfg = Debug|Any CPU
		{BAD43BEC-2B33-4655-85A0-070264DFDEB7}.Debug|Any CPU.Build.0 = Debug|Any CPU
		{BAD43BEC-2B33-4655-85A0-070264DFDEB7}.Release|Any CPU.ActiveCfg = Release|Any CPU
		{BAD43BEC-2B33-4655-85A0-070264DFDEB7}.Release|Any CPU.Build.0 = Release|Any CPU
		{B4553371-AAF4-4803-B026-E4DE0233EC25}.Debug|Any CPU.ActiveCfg = Debug|Any CPU
		{B4553371-AAF4-4803-B026-E4DE0233EC25}.Debug|Any CPU.Build.0 = Debug|Any CPU
		{B4553371-AAF4-4803-B026-E4DE0233EC25}.Release|Any CPU.ActiveCfg = Release|Any CPU
		{B4553371-AAF4-4803-B026-E4DE0233EC25}.Release|Any CPU.Build.0 = Release|Any CPU
		{653CBD88-EB32-4BA8-B0E1-808B87A02CC9}.Debug|Any CPU.ActiveCfg = Debug|Any CPU
		{653CBD88-EB32-4BA8-B0E1-808B87A02CC9}.Debug|Any CPU.Build.0 = Debug|Any CPU
		{653CBD88-EB32-4BA8-B0E1-808B87A02CC9}.Release|Any CPU.ActiveCfg = Release|Any CPU
		{653CBD88-EB32-4BA8-B0E1-808B87A02CC9}.Release|Any CPU.Build.0 = Release|Any CPU
		{F6BE5083-DA7B-41EE-9FD6-CDE35F17CA46}.Debug|Any CPU.ActiveCfg = Debug|Any CPU
		{F6BE5083-DA7B-41EE-9FD6-CDE35F17CA46}.Debug|Any CPU.Build.0 = Debug|Any CPU
		{F6BE5083-DA7B-41EE-9FD6-CDE35F17CA46}.Release|Any CPU.ActiveCfg = Release|Any CPU
		{F6BE5083-DA7B-41EE-9FD6-CDE35F17CA46}.Release|Any CPU.Build.0 = Release|Any CPU
		{9618EEEB-6D6E-4412-9EC9-3FCEEAC50107}.Debug|Any CPU.ActiveCfg = Debug|Any CPU
		{9618EEEB-6D6E-4412-9EC9-3FCEEAC50107}.Debug|Any CPU.Build.0 = Debug|Any CPU
		{9618EEEB-6D6E-4412-9EC9-3FCEEAC50107}.Release|Any CPU.ActiveCfg = Release|Any CPU
		{9618EEEB-6D6E-4412-9EC9-3FCEEAC50107}.Release|Any CPU.Build.0 = Release|Any CPU
		{60F2702F-9CB0-4AF9-AC4B-B9FC8A41C524}.Debug|Any CPU.ActiveCfg = Debug|Any CPU
		{60F2702F-9CB0-4AF9-AC4B-B9FC8A41C524}.Debug|Any CPU.Build.0 = Debug|Any CPU
		{60F2702F-9CB0-4AF9-AC4B-B9FC8A41C524}.Release|Any CPU.ActiveCfg = Release|Any CPU
		{60F2702F-9CB0-4AF9-AC4B-B9FC8A41C524}.Release|Any CPU.Build.0 = Release|Any CPU
		{1406850B-AA47-47E7-9905-FC9549C61D72}.Debug|Any CPU.ActiveCfg = Debug|Any CPU
		{1406850B-AA47-47E7-9905-FC9549C61D72}.Debug|Any CPU.Build.0 = Debug|Any CPU
		{1406850B-AA47-47E7-9905-FC9549C61D72}.Release|Any CPU.ActiveCfg = Release|Any CPU
		{1406850B-AA47-47E7-9905-FC9549C61D72}.Release|Any CPU.Build.0 = Release|Any CPU
		{1F6FD82D-76D6-4939-B93A-74BCED65223D}.Debug|Any CPU.ActiveCfg = Debug|Any CPU
		{1F6FD82D-76D6-4939-B93A-74BCED65223D}.Debug|Any CPU.Build.0 = Debug|Any CPU
		{1F6FD82D-76D6-4939-B93A-74BCED65223D}.Release|Any CPU.ActiveCfg = Release|Any CPU
		{1F6FD82D-76D6-4939-B93A-74BCED65223D}.Release|Any CPU.Build.0 = Release|Any CPU
		{44FBF35B-9A84-4816-B363-39C683F5DC81}.Debug|Any CPU.ActiveCfg = Debug|Any CPU
		{44FBF35B-9A84-4816-B363-39C683F5DC81}.Debug|Any CPU.Build.0 = Debug|Any CPU
		{44FBF35B-9A84-4816-B363-39C683F5DC81}.Release|Any CPU.ActiveCfg = Release|Any CPU
		{44FBF35B-9A84-4816-B363-39C683F5DC81}.Release|Any CPU.Build.0 = Release|Any CPU
		{EC7664E7-01A7-4A63-B69F-453E86A533FE}.Debug|Any CPU.ActiveCfg = Debug|Any CPU
		{EC7664E7-01A7-4A63-B69F-453E86A533FE}.Debug|Any CPU.Build.0 = Debug|Any CPU
		{EC7664E7-01A7-4A63-B69F-453E86A533FE}.Release|Any CPU.ActiveCfg = Release|Any CPU
		{EC7664E7-01A7-4A63-B69F-453E86A533FE}.Release|Any CPU.Build.0 = Release|Any CPU
		{58198994-3A76-4B0E-9E75-D6A20C67F9FB}.Debug|Any CPU.ActiveCfg = Debug|Any CPU
		{58198994-3A76-4B0E-9E75-D6A20C67F9FB}.Debug|Any CPU.Build.0 = Debug|Any CPU
		{58198994-3A76-4B0E-9E75-D6A20C67F9FB}.Release|Any CPU.ActiveCfg = Release|Any CPU
		{58198994-3A76-4B0E-9E75-D6A20C67F9FB}.Release|Any CPU.Build.0 = Release|Any CPU
		{AC0140DA-EA8D-46C4-90A7-B55A4489C988}.Debug|Any CPU.ActiveCfg = Debug|Any CPU
		{AC0140DA-EA8D-46C4-90A7-B55A4489C988}.Debug|Any CPU.Build.0 = Debug|Any CPU
		{AC0140DA-EA8D-46C4-90A7-B55A4489C988}.Release|Any CPU.ActiveCfg = Release|Any CPU
		{AC0140DA-EA8D-46C4-90A7-B55A4489C988}.Release|Any CPU.Build.0 = Release|Any CPU
		{423A1FF3-AE8D-4EFE-8059-4A6A3B29A89D}.Debug|Any CPU.ActiveCfg = Debug|Any CPU
		{423A1FF3-AE8D-4EFE-8059-4A6A3B29A89D}.Debug|Any CPU.Build.0 = Debug|Any CPU
		{423A1FF3-AE8D-4EFE-8059-4A6A3B29A89D}.Release|Any CPU.ActiveCfg = Release|Any CPU
		{423A1FF3-AE8D-4EFE-8059-4A6A3B29A89D}.Release|Any CPU.Build.0 = Release|Any CPU
		{4CC42460-B6FC-49BC-9677-6F3347F8B272}.Debug|Any CPU.ActiveCfg = Debug|Any CPU
		{4CC42460-B6FC-49BC-9677-6F3347F8B272}.Debug|Any CPU.Build.0 = Debug|Any CPU
		{4CC42460-B6FC-49BC-9677-6F3347F8B272}.Release|Any CPU.ActiveCfg = Release|Any CPU
		{4CC42460-B6FC-49BC-9677-6F3347F8B272}.Release|Any CPU.Build.0 = Release|Any CPU
		{78A57DD5-822C-42F7-A843-0B7421D07931}.Debug|Any CPU.ActiveCfg = Debug|Any CPU
		{78A57DD5-822C-42F7-A843-0B7421D07931}.Debug|Any CPU.Build.0 = Debug|Any CPU
		{78A57DD5-822C-42F7-A843-0B7421D07931}.Release|Any CPU.ActiveCfg = Release|Any CPU
		{78A57DD5-822C-42F7-A843-0B7421D07931}.Release|Any CPU.Build.0 = Release|Any CPU
		{1EE0384C-0009-4A94-A9EA-40E8D7E430F8}.Debug|Any CPU.ActiveCfg = Debug|Any CPU
		{1EE0384C-0009-4A94-A9EA-40E8D7E430F8}.Debug|Any CPU.Build.0 = Debug|Any CPU
		{1EE0384C-0009-4A94-A9EA-40E8D7E430F8}.Release|Any CPU.ActiveCfg = Release|Any CPU
		{1EE0384C-0009-4A94-A9EA-40E8D7E430F8}.Release|Any CPU.Build.0 = Release|Any CPU
		{102D0B01-A6C3-45C8-8DFB-E92E0B927D0F}.Debug|Any CPU.ActiveCfg = Debug|Any CPU
		{102D0B01-A6C3-45C8-8DFB-E92E0B927D0F}.Debug|Any CPU.Build.0 = Debug|Any CPU
		{102D0B01-A6C3-45C8-8DFB-E92E0B927D0F}.Release|Any CPU.ActiveCfg = Release|Any CPU
		{102D0B01-A6C3-45C8-8DFB-E92E0B927D0F}.Release|Any CPU.Build.0 = Release|Any CPU
		{043BEB85-B76E-4417-BA87-198CADDD4F38}.Debug|Any CPU.ActiveCfg = Debug|Any CPU
		{043BEB85-B76E-4417-BA87-198CADDD4F38}.Debug|Any CPU.Build.0 = Debug|Any CPU
		{043BEB85-B76E-4417-BA87-198CADDD4F38}.Release|Any CPU.ActiveCfg = Release|Any CPU
		{043BEB85-B76E-4417-BA87-198CADDD4F38}.Release|Any CPU.Build.0 = Release|Any CPU
		{C9A9CD74-8B05-4235-B85D-ADE63B712965}.Debug|Any CPU.ActiveCfg = Debug|Any CPU
		{C9A9CD74-8B05-4235-B85D-ADE63B712965}.Debug|Any CPU.Build.0 = Debug|Any CPU
		{C9A9CD74-8B05-4235-B85D-ADE63B712965}.Release|Any CPU.ActiveCfg = Release|Any CPU
		{C9A9CD74-8B05-4235-B85D-ADE63B712965}.Release|Any CPU.Build.0 = Release|Any CPU
		{0953F00D-AB62-4F82-9A70-AB33680AFA20}.Debug|Any CPU.ActiveCfg = Debug|Any CPU
		{0953F00D-AB62-4F82-9A70-AB33680AFA20}.Debug|Any CPU.Build.0 = Debug|Any CPU
		{0953F00D-AB62-4F82-9A70-AB33680AFA20}.Release|Any CPU.ActiveCfg = Release|Any CPU
		{0953F00D-AB62-4F82-9A70-AB33680AFA20}.Release|Any CPU.Build.0 = Release|Any CPU
		{109DD605-D918-46C8-8DE0-AEE00FD6A3F8}.Debug|Any CPU.ActiveCfg = Debug|Any CPU
		{109DD605-D918-46C8-8DE0-AEE00FD6A3F8}.Debug|Any CPU.Build.0 = Debug|Any CPU
		{109DD605-D918-46C8-8DE0-AEE00FD6A3F8}.Release|Any CPU.ActiveCfg = Release|Any CPU
		{109DD605-D918-46C8-8DE0-AEE00FD6A3F8}.Release|Any CPU.Build.0 = Release|Any CPU
		{1505FC12-8237-405D-B4EB-1C33146B1FD6}.Debug|Any CPU.ActiveCfg = Debug|Any CPU
		{1505FC12-8237-405D-B4EB-1C33146B1FD6}.Debug|Any CPU.Build.0 = Debug|Any CPU
		{1505FC12-8237-405D-B4EB-1C33146B1FD6}.Release|Any CPU.ActiveCfg = Release|Any CPU
		{1505FC12-8237-405D-B4EB-1C33146B1FD6}.Release|Any CPU.Build.0 = Release|Any CPU
		{6BE28238-A1D5-4447-8DE3-F603A69AEF05}.Debug|Any CPU.ActiveCfg = Debug|Any CPU
		{6BE28238-A1D5-4447-8DE3-F603A69AEF05}.Debug|Any CPU.Build.0 = Debug|Any CPU
		{6BE28238-A1D5-4447-8DE3-F603A69AEF05}.Release|Any CPU.ActiveCfg = Release|Any CPU
		{6BE28238-A1D5-4447-8DE3-F603A69AEF05}.Release|Any CPU.Build.0 = Release|Any CPU
		{26F5BEC5-C359-467F-A602-1421F04F7117}.Debug|Any CPU.ActiveCfg = Debug|Any CPU
		{26F5BEC5-C359-467F-A602-1421F04F7117}.Debug|Any CPU.Build.0 = Debug|Any CPU
		{26F5BEC5-C359-467F-A602-1421F04F7117}.Release|Any CPU.ActiveCfg = Release|Any CPU
		{26F5BEC5-C359-467F-A602-1421F04F7117}.Release|Any CPU.Build.0 = Release|Any CPU
		{113423C2-C739-4914-BB36-08136480853C}.Debug|Any CPU.ActiveCfg = Debug|Any CPU
		{113423C2-C739-4914-BB36-08136480853C}.Debug|Any CPU.Build.0 = Debug|Any CPU
		{113423C2-C739-4914-BB36-08136480853C}.Release|Any CPU.ActiveCfg = Release|Any CPU
		{113423C2-C739-4914-BB36-08136480853C}.Release|Any CPU.Build.0 = Release|Any CPU
		{15272A17-BBE8-44ED-808B-2AAEB4FBB6A1}.Debug|Any CPU.ActiveCfg = Debug|Any CPU
		{15272A17-BBE8-44ED-808B-2AAEB4FBB6A1}.Debug|Any CPU.Build.0 = Debug|Any CPU
		{15272A17-BBE8-44ED-808B-2AAEB4FBB6A1}.Release|Any CPU.ActiveCfg = Release|Any CPU
		{15272A17-BBE8-44ED-808B-2AAEB4FBB6A1}.Release|Any CPU.Build.0 = Release|Any CPU
		{B37FE516-B704-47C2-ABC1-B9A106D08A73}.Debug|Any CPU.ActiveCfg = Debug|Any CPU
		{B37FE516-B704-47C2-ABC1-B9A106D08A73}.Debug|Any CPU.Build.0 = Debug|Any CPU
		{B37FE516-B704-47C2-ABC1-B9A106D08A73}.Release|Any CPU.ActiveCfg = Release|Any CPU
		{B37FE516-B704-47C2-ABC1-B9A106D08A73}.Release|Any CPU.Build.0 = Release|Any CPU
		{90473A08-6816-40E5-B169-352E732F5E04}.Debug|Any CPU.ActiveCfg = Debug|Any CPU
		{90473A08-6816-40E5-B169-352E732F5E04}.Debug|Any CPU.Build.0 = Debug|Any CPU
		{90473A08-6816-40E5-B169-352E732F5E04}.Release|Any CPU.ActiveCfg = Release|Any CPU
		{90473A08-6816-40E5-B169-352E732F5E04}.Release|Any CPU.Build.0 = Release|Any CPU
		{46647304-AA05-43FE-A62B-E6C8CF720B7E}.Debug|Any CPU.ActiveCfg = Debug|Any CPU
		{46647304-AA05-43FE-A62B-E6C8CF720B7E}.Debug|Any CPU.Build.0 = Debug|Any CPU
		{46647304-AA05-43FE-A62B-E6C8CF720B7E}.Release|Any CPU.ActiveCfg = Release|Any CPU
		{46647304-AA05-43FE-A62B-E6C8CF720B7E}.Release|Any CPU.Build.0 = Release|Any CPU
		{AC4D799E-8D4B-4FFA-B4E6-5410A03E09EB}.Debug|Any CPU.ActiveCfg = Debug|Any CPU
		{AC4D799E-8D4B-4FFA-B4E6-5410A03E09EB}.Debug|Any CPU.Build.0 = Debug|Any CPU
		{AC4D799E-8D4B-4FFA-B4E6-5410A03E09EB}.Release|Any CPU.ActiveCfg = Release|Any CPU
		{AC4D799E-8D4B-4FFA-B4E6-5410A03E09EB}.Release|Any CPU.Build.0 = Release|Any CPU
		{2AD0BC91-0BDE-4E6F-A45F-3B63B5944921}.Debug|Any CPU.ActiveCfg = Debug|Any CPU
		{2AD0BC91-0BDE-4E6F-A45F-3B63B5944921}.Debug|Any CPU.Build.0 = Debug|Any CPU
		{2AD0BC91-0BDE-4E6F-A45F-3B63B5944921}.Release|Any CPU.ActiveCfg = Release|Any CPU
		{2AD0BC91-0BDE-4E6F-A45F-3B63B5944921}.Release|Any CPU.Build.0 = Release|Any CPU
	EndGlobalSection
	GlobalSection(SolutionProperties) = preSolution
		HideSolutionNode = FALSE
	EndGlobalSection
	GlobalSection(NestedProjects) = preSolution
		{38ADA77C-CD41-45DA-982A-216840753F64} = {4313D699-E886-4677-8F34-EBA89C4F847B}
		{BF5EBDCA-DD97-4566-B6EA-2768C107FA58} = {625E9D4C-9A24-4449-84D8-7711AEBB5CB3}
		{041153D4-0630-4FE1-BC2C-6F74076583A4} = {625E9D4C-9A24-4449-84D8-7711AEBB5CB3}
		{C70DDB92-883C-427C-A4AD-4E98C851776E} = {625E9D4C-9A24-4449-84D8-7711AEBB5CB3}
		{23991429-01A3-40E6-9A27-779384576AB5} = {625E9D4C-9A24-4449-84D8-7711AEBB5CB3}
		{7D9C153F-9FD4-479C-A962-CA4C42AE1894} = {C455385C-372D-479F-A5EE-7E137F796706}
		{2BE87433-BFBF-4B87-AF2F-B103CBDD88EA} = {C455385C-372D-479F-A5EE-7E137F796706}
		{22B1F3A7-777F-4306-BABE-E5E58A042F81} = {C455385C-372D-479F-A5EE-7E137F796706}
		{D45AF99A-D01F-438A-A417-917845691324} = {C455385C-372D-479F-A5EE-7E137F796706}
		{30E5F915-EF8B-4E7E-8CAE-E78790949867} = {C455385C-372D-479F-A5EE-7E137F796706}
		{D70985CD-38C3-445F-91FE-B911E572F58D} = {C455385C-372D-479F-A5EE-7E137F796706}
		{EB3E8900-4B59-44D0-90D8-1AB67FB0C80A} = {2830B6FA-3539-4796-B8A5-BA302185426D}
		{A851D2B6-BF2F-4CC4-BE00-15872EF28B9E} = {2830B6FA-3539-4796-B8A5-BA302185426D}
		{B2230FDA-1752-4891-BA99-B117CB1CE74B} = {2830B6FA-3539-4796-B8A5-BA302185426D}
		{88AB19E4-4700-43A4-9F70-F775CC83D91A} = {EAD85B79-97AC-489C-9B9C-90C4A31F805A}
		{EFDAE53E-CD66-49B6-993F-DECF0EB82142} = {830BCED4-7DF4-43E9-B842-4BE82F38C307}
		{6BCAA928-803E-4712-BC67-1308D9157BD6} = {830BCED4-7DF4-43E9-B842-4BE82F38C307}
		{A3F0B94A-1146-480A-9AFD-78209EC5F9CE} = {830BCED4-7DF4-43E9-B842-4BE82F38C307}
		{DD50A175-DF2B-4AA8-A104-936DF18B597B} = {830BCED4-7DF4-43E9-B842-4BE82F38C307}
		{BAD43BEC-2B33-4655-85A0-070264DFDEB7} = {830BCED4-7DF4-43E9-B842-4BE82F38C307}
		{B4553371-AAF4-4803-B026-E4DE0233EC25} = {830BCED4-7DF4-43E9-B842-4BE82F38C307}
		{653CBD88-EB32-4BA8-B0E1-808B87A02CC9} = {830BCED4-7DF4-43E9-B842-4BE82F38C307}
		{F6BE5083-DA7B-41EE-9FD6-CDE35F17CA46} = {830BCED4-7DF4-43E9-B842-4BE82F38C307}
		{9618EEEB-6D6E-4412-9EC9-3FCEEAC50107} = {830BCED4-7DF4-43E9-B842-4BE82F38C307}
		{1F6FD82D-76D6-4939-B93A-74BCED65223D} = {B0314FE7-B073-4135-96BB-D3E8341F5F8A}
		{44FBF35B-9A84-4816-B363-39C683F5DC81} = {B0314FE7-B073-4135-96BB-D3E8341F5F8A}
		{EC7664E7-01A7-4A63-B69F-453E86A533FE} = {B0314FE7-B073-4135-96BB-D3E8341F5F8A}
		{58198994-3A76-4B0E-9E75-D6A20C67F9FB} = {B0314FE7-B073-4135-96BB-D3E8341F5F8A}
		{4CC42460-B6FC-49BC-9677-6F3347F8B272} = {D7993B08-2C54-418F-904D-162F63121DCE}
		{78A57DD5-822C-42F7-A843-0B7421D07931} = {D7993B08-2C54-418F-904D-162F63121DCE}
		{1EE0384C-0009-4A94-A9EA-40E8D7E430F8} = {D7993B08-2C54-418F-904D-162F63121DCE}
		{043BEB85-B76E-4417-BA87-198CADDD4F38} = {D7993B08-2C54-418F-904D-162F63121DCE}
		{C9A9CD74-8B05-4235-B85D-ADE63B712965} = {D7993B08-2C54-418F-904D-162F63121DCE}
		{0953F00D-AB62-4F82-9A70-AB33680AFA20} = {D7993B08-2C54-418F-904D-162F63121DCE}
		{109DD605-D918-46C8-8DE0-AEE00FD6A3F8} = {D7993B08-2C54-418F-904D-162F63121DCE}
		{1505FC12-8237-405D-B4EB-1C33146B1FD6} = {D7993B08-2C54-418F-904D-162F63121DCE}
		{6BE28238-A1D5-4447-8DE3-F603A69AEF05} = {D7993B08-2C54-418F-904D-162F63121DCE}
		{26F5BEC5-C359-467F-A602-1421F04F7117} = {D7993B08-2C54-418F-904D-162F63121DCE}
		{113423C2-C739-4914-BB36-08136480853C} = {D7993B08-2C54-418F-904D-162F63121DCE}
		{90473A08-6816-40E5-B169-352E732F5E04} = {B0314FE7-B073-4135-96BB-D3E8341F5F8A}
	EndGlobalSection
EndGlobal
