
Microsoft Visual Studio Solution File, Format Version 12.00
# Visual Studio 2013
VisualStudioVersion = 12.0.30110.0
MinimumVisualStudioVersion = 10.0.40219.1
Project("{FAE04EC0-301F-11D3-BF4B-00C04F79EFBC}") = "Linq ToArray", "Linq ToArray\Linq ToArray.csproj", "{BF9C2865-E27A-4A74-96CA-60DD1E7494A5}"
EndProject
Project("{FAE04EC0-301F-11D3-BF4B-00C04F79EFBC}") = "Linq ToLookUp", "Linq ToLookUp\Linq ToLookUp.csproj", "{BEEEC80F-EF00-458C-9AFC-B432D82A4E41}"
EndProject
Project("{FAE04EC0-301F-11D3-BF4B-00C04F79EFBC}") = "Linq First", "Linq First\Linq First.csproj", "{70F51C19-EF8A-4B7B-A0FE-E68BB02266E5}"
EndProject
Project("{FAE04EC0-301F-11D3-BF4B-00C04F79EFBC}") = "Linq Where", "Linq Where\Linq Where.csproj", "{79A5CB55-95B6-47B4-BD87-F43F8EA78FEE}"
EndProject
Project("{FAE04EC0-301F-11D3-BF4B-00C04F79EFBC}") = "Linq Single", "Linq Single\Linq Single.csproj", "{C24FAB4B-1D74-405D-BB93-A652C247AF57}"
EndProject
Project("{FAE04EC0-301F-11D3-BF4B-00C04F79EFBC}") = "Linq Single Or Default", "Linq Single Or Default\Linq Single Or Default.csproj", "{6DB021FA-9E0F-400F-AE73-A53C5DA6AAC6}"
EndProject
Project("{FAE04EC0-301F-11D3-BF4B-00C04F79EFBC}") = "Linq Union", "Linq Union\Linq Union.csproj", "{513F7668-FCAF-4578-ACE3-9F85098DDFFF}"
EndProject
Project("{FAE04EC0-301F-11D3-BF4B-00C04F79EFBC}") = "Linq Intersect", "Linq Intersect\Linq Intersect.csproj", "{CFD128E4-DEC7-4289-976E-8B9C71348078}"
EndProject
Project("{FAE04EC0-301F-11D3-BF4B-00C04F79EFBC}") = "Linq SelectMany", "Linq SelectMany\Linq SelectMany.csproj", "{9418F9E1-F885-4194-880D-C017D1FDEEDF}"
EndProject
Project("{FAE04EC0-301F-11D3-BF4B-00C04F79EFBC}") = "Linq Select", "Linq Select\Linq Select.csproj", "{9FF5BEC9-FFA8-4D92-9280-1FB051EEDD10}"
EndProject
Project("{FAE04EC0-301F-11D3-BF4B-00C04F79EFBC}") = "Linq Reverse", "Linq Reverse\Linq Reverse.csproj", "{87A7F26E-B19B-460F-8D6D-5A34330EFCAD}"
EndProject
Project("{FAE04EC0-301F-11D3-BF4B-00C04F79EFBC}") = "Linq Concat", "Linq Concat\Linq Concat.csproj", "{A7C86012-48C6-46C3-8A76-0BD07724C011}"
EndProject
Project("{FAE04EC0-301F-11D3-BF4B-00C04F79EFBC}") = "Linq GroupBy", "Linq GroupBy\Linq GroupBy.csproj", "{668DCA15-D607-4452-B919-2EA44554F10A}"
EndProject
Project("{FAE04EC0-301F-11D3-BF4B-00C04F79EFBC}") = "Linq GroupJoin", "Linq GroupJoin\Linq GroupJoin.csproj", "{1B9D50E4-5D71-4DB9-86DD-93D9A4AC989D}"
EndProject
Project("{FAE04EC0-301F-11D3-BF4B-00C04F79EFBC}") = "Linq ElementAtorDefault", "Linq ElementAtorDefault\Linq ElementAtorDefault.csproj", "{363040F3-0CEA-45CD-B080-A405DAB89102}"
EndProject
Project("{FAE04EC0-301F-11D3-BF4B-00C04F79EFBC}") = "Linq ElementAt", "Linq ElementAt\Linq ElementAt.csproj", "{FFB22F24-6602-4311-BFD1-5490919CD725}"
EndProject
Project("{FAE04EC0-301F-11D3-BF4B-00C04F79EFBC}") = "Linq AsEnumerable", "Linq AsEnumerable\Linq AsEnumerable.csproj", "{7A0937DD-6820-4CCB-AC8D-14718369B55B}"
EndProject
Project("{FAE04EC0-301F-11D3-BF4B-00C04F79EFBC}") = "Linq AsParallel", "Linq AsParallel\Linq AsParallel.csproj", "{0F6D42B0-283E-4A48-AA50-F9F4E2D1C869}"
EndProject
Project("{FAE04EC0-301F-11D3-BF4B-00C04F79EFBC}") = "Linq Contains", "Linq Contains\Linq Contains.csproj", "{0D5E3B30-B36D-4737-A2BE-499DF0EABD21}"
EndProject
Project("{FAE04EC0-301F-11D3-BF4B-00C04F79EFBC}") = "Linq Except", "Linq Except\Linq Except.csproj", "{FB2B0B50-804B-4990-8592-7E9F04A38A42}"
EndProject
Project("{FAE04EC0-301F-11D3-BF4B-00C04F79EFBC}") = "Linq FirstOrDefault", "Linq FirstOrDefault\Linq FirstOrDefault.csproj", "{660EA7EE-DA90-413E-89F3-53196F4BA751}"
EndProject
Project("{FAE04EC0-301F-11D3-BF4B-00C04F79EFBC}") = "Linq OfType", "Linq OfType\Linq OfType.csproj", "{C76C225D-B5B6-44DF-B4AC-3474AB934350}"
EndProject
Project("{FAE04EC0-301F-11D3-BF4B-00C04F79EFBC}") = "Linq OrderBy", "Linq OrderBy\Linq OrderBy.csproj", "{A0223F66-1872-40CC-A28D-6BBF41D4698C}"
EndProject
Project("{FAE04EC0-301F-11D3-BF4B-00C04F79EFBC}") = "Linq OrderByDescending", "Linq OrderByDescending\Linq OrderByDescending.csproj", "{1C56CE29-519A-4232-96D4-DD896C19A6C9}"
EndProject
Project("{FAE04EC0-301F-11D3-BF4B-00C04F79EFBC}") = "Linq LastOrDefault", "Linq LastOrDefault\Linq LastOrDefault.csproj", "{775EE1BD-5182-4E03-9E7D-80B25FCD3AA2}"
EndProject
Project("{FAE04EC0-301F-11D3-BF4B-00C04F79EFBC}") = "Linq Last", "Linq Last\Linq Last.csproj", "{2CFC90DF-FE03-4749-ABCC-823E07D24C3C}"
EndProject
Project("{FAE04EC0-301F-11D3-BF4B-00C04F79EFBC}") = "Linq Join", "Linq Join\Linq Join.csproj", "{7290407F-80A8-4015-BC23-D584428ABF5C}"
EndProject
Project("{FAE04EC0-301F-11D3-BF4B-00C04F79EFBC}") = "Linq Skip, SkipWhile", "Linq Skip, SkipWhile\Linq Skip, SkipWhile.csproj", "{E776658B-5BEA-4874-8338-B2BC814BD5C4}"
EndProject
Project("{FAE04EC0-301F-11D3-BF4B-00C04F79EFBC}") = "Linq Take, TakeWhile", "Linq Take, TakeWhile\Linq Take, TakeWhile.csproj", "{62C90A3E-5673-4D0A-A063-DD4B76BA96A5}"
EndProject
Project("{FAE04EC0-301F-11D3-BF4B-00C04F79EFBC}") = "Linq Zip", "Linq Zip\Linq Zip.csproj", "{7F1A1FF9-C69F-4A11-B7FA-65A893D155EC}"
EndProject
Project("{FAE04EC0-301F-11D3-BF4B-00C04F79EFBC}") = "Linq Method Extension", "Linq Method Extension\Linq Method Extension.csproj", "{2AF13C7E-156F-4D25-8273-45766992A60D}"
EndProject
Project("{FAE04EC0-301F-11D3-BF4B-00C04F79EFBC}") = "Linq Aggregate", "Linq Aggregate\Linq Aggregate.csproj", "{F7A8CDB4-008E-424D-9FA8-9BB1079EC9C6}"
EndProject
Project("{FAE04EC0-301F-11D3-BF4B-00C04F79EFBC}") = "Linq All", "Linq All\Linq All.csproj", "{A22DB571-A75D-43FA-A374-97C79DFD9322}"
EndProject
Project("{FAE04EC0-301F-11D3-BF4B-00C04F79EFBC}") = "Linq Any", "Linq Any\Linq Any.csproj", "{C95862DB-25B7-483D-AB75-587A12C3C4D1}"
EndProject
Project("{FAE04EC0-301F-11D3-BF4B-00C04F79EFBC}") = "Linq Average", "Linq Average\Linq Average.csproj", "{0DD5541B-0B0F-420B-9CB9-A2D1C0B984C4}"
EndProject
Project("{FAE04EC0-301F-11D3-BF4B-00C04F79EFBC}") = "Linq Count", "Linq Count\Linq Count.csproj", "{BB0A0540-A8F3-44BE-8E1C-7A56F915FB4A}"
EndProject
Project("{FAE04EC0-301F-11D3-BF4B-00C04F79EFBC}") = "Linq SequenceEqual", "Linq SequenceEqual\Linq SequenceEqual.csproj", "{AE4608E8-0D87-493F-B2C2-FC7C8AAC01E1}"
EndProject
Project("{FAE04EC0-301F-11D3-BF4B-00C04F79EFBC}") = "Linq Sum", "Linq Sum\Linq Sum.csproj", "{35922D97-DD7F-4E29-9DD0-1F8DBE3C2072}"
EndProject
Project("{FAE04EC0-301F-11D3-BF4B-00C04F79EFBC}") = "Linq Max, Min", "Linq Max, Min\Linq Max, Min.csproj", "{A68B5ECB-458F-4490-9E8A-86D26DAA31F9}"
EndProject
Project("{FAE04EC0-301F-11D3-BF4B-00C04F79EFBC}") = "Linq Empty", "Linq Empty\Linq Empty.csproj", "{5040B46D-DEEB-41DC-B179-6F9F02E460E1}"
EndProject
Project("{FAE04EC0-301F-11D3-BF4B-00C04F79EFBC}") = "Linq Repeat", "Linq Repeat\Linq Repeat.csproj", "{9CA6A1FE-8CBA-4D76-8D0B-7391684670F6}"
EndProject
Project("{FAE04EC0-301F-11D3-BF4B-00C04F79EFBC}") = "Linq Distinct", "Linq Distinct\Linq Distinct.csproj", "{0011B206-A126-4701-A2CC-43813FB5DE1B}"
EndProject
Project("{FAE04EC0-301F-11D3-BF4B-00C04F79EFBC}") = "LINQ Range", "LINQ Range\LINQ Range.csproj", "{0BE509F9-CBBA-4BEC-889E-70600931EAB1}"
EndProject
Global
	GlobalSection(SolutionConfigurationPlatforms) = preSolution
		Debug|Any CPU = Debug|Any CPU
		Release|Any CPU = Release|Any CPU
	EndGlobalSection
	GlobalSection(ProjectConfigurationPlatforms) = postSolution
		{BF9C2865-E27A-4A74-96CA-60DD1E7494A5}.Debug|Any CPU.ActiveCfg = Debug|Any CPU
		{BF9C2865-E27A-4A74-96CA-60DD1E7494A5}.Debug|Any CPU.Build.0 = Debug|Any CPU
		{BF9C2865-E27A-4A74-96CA-60DD1E7494A5}.Release|Any CPU.ActiveCfg = Release|Any CPU
		{BF9C2865-E27A-4A74-96CA-60DD1E7494A5}.Release|Any CPU.Build.0 = Release|Any CPU
		{BEEEC80F-EF00-458C-9AFC-B432D82A4E41}.Debug|Any CPU.ActiveCfg = Debug|Any CPU
		{BEEEC80F-EF00-458C-9AFC-B432D82A4E41}.Debug|Any CPU.Build.0 = Debug|Any CPU
		{BEEEC80F-EF00-458C-9AFC-B432D82A4E41}.Release|Any CPU.ActiveCfg = Release|Any CPU
		{BEEEC80F-EF00-458C-9AFC-B432D82A4E41}.Release|Any CPU.Build.0 = Release|Any CPU
		{70F51C19-EF8A-4B7B-A0FE-E68BB02266E5}.Debug|Any CPU.ActiveCfg = Debug|Any CPU
		{70F51C19-EF8A-4B7B-A0FE-E68BB02266E5}.Debug|Any CPU.Build.0 = Debug|Any CPU
		{70F51C19-EF8A-4B7B-A0FE-E68BB02266E5}.Release|Any CPU.ActiveCfg = Release|Any CPU
		{70F51C19-EF8A-4B7B-A0FE-E68BB02266E5}.Release|Any CPU.Build.0 = Release|Any CPU
		{79A5CB55-95B6-47B4-BD87-F43F8EA78FEE}.Debug|Any CPU.ActiveCfg = Debug|Any CPU
		{79A5CB55-95B6-47B4-BD87-F43F8EA78FEE}.Debug|Any CPU.Build.0 = Debug|Any CPU
		{79A5CB55-95B6-47B4-BD87-F43F8EA78FEE}.Release|Any CPU.ActiveCfg = Release|Any CPU
		{79A5CB55-95B6-47B4-BD87-F43F8EA78FEE}.Release|Any CPU.Build.0 = Release|Any CPU
		{C24FAB4B-1D74-405D-BB93-A652C247AF57}.Debug|Any CPU.ActiveCfg = Debug|Any CPU
		{C24FAB4B-1D74-405D-BB93-A652C247AF57}.Debug|Any CPU.Build.0 = Debug|Any CPU
		{C24FAB4B-1D74-405D-BB93-A652C247AF57}.Release|Any CPU.ActiveCfg = Release|Any CPU
		{C24FAB4B-1D74-405D-BB93-A652C247AF57}.Release|Any CPU.Build.0 = Release|Any CPU
		{6DB021FA-9E0F-400F-AE73-A53C5DA6AAC6}.Debug|Any CPU.ActiveCfg = Debug|Any CPU
		{6DB021FA-9E0F-400F-AE73-A53C5DA6AAC6}.Debug|Any CPU.Build.0 = Debug|Any CPU
		{6DB021FA-9E0F-400F-AE73-A53C5DA6AAC6}.Release|Any CPU.ActiveCfg = Release|Any CPU
		{6DB021FA-9E0F-400F-AE73-A53C5DA6AAC6}.Release|Any CPU.Build.0 = Release|Any CPU
		{513F7668-FCAF-4578-ACE3-9F85098DDFFF}.Debug|Any CPU.ActiveCfg = Debug|Any CPU
		{513F7668-FCAF-4578-ACE3-9F85098DDFFF}.Debug|Any CPU.Build.0 = Debug|Any CPU
		{513F7668-FCAF-4578-ACE3-9F85098DDFFF}.Release|Any CPU.ActiveCfg = Release|Any CPU
		{513F7668-FCAF-4578-ACE3-9F85098DDFFF}.Release|Any CPU.Build.0 = Release|Any CPU
		{CFD128E4-DEC7-4289-976E-8B9C71348078}.Debug|Any CPU.ActiveCfg = Debug|Any CPU
		{CFD128E4-DEC7-4289-976E-8B9C71348078}.Debug|Any CPU.Build.0 = Debug|Any CPU
		{CFD128E4-DEC7-4289-976E-8B9C71348078}.Release|Any CPU.ActiveCfg = Release|Any CPU
		{CFD128E4-DEC7-4289-976E-8B9C71348078}.Release|Any CPU.Build.0 = Release|Any CPU
		{9418F9E1-F885-4194-880D-C017D1FDEEDF}.Debug|Any CPU.ActiveCfg = Debug|Any CPU
		{9418F9E1-F885-4194-880D-C017D1FDEEDF}.Debug|Any CPU.Build.0 = Debug|Any CPU
		{9418F9E1-F885-4194-880D-C017D1FDEEDF}.Release|Any CPU.ActiveCfg = Release|Any CPU
		{9418F9E1-F885-4194-880D-C017D1FDEEDF}.Release|Any CPU.Build.0 = Release|Any CPU
		{9FF5BEC9-FFA8-4D92-9280-1FB051EEDD10}.Debug|Any CPU.ActiveCfg = Debug|Any CPU
		{9FF5BEC9-FFA8-4D92-9280-1FB051EEDD10}.Debug|Any CPU.Build.0 = Debug|Any CPU
		{9FF5BEC9-FFA8-4D92-9280-1FB051EEDD10}.Release|Any CPU.ActiveCfg = Release|Any CPU
		{9FF5BEC9-FFA8-4D92-9280-1FB051EEDD10}.Release|Any CPU.Build.0 = Release|Any CPU
		{87A7F26E-B19B-460F-8D6D-5A34330EFCAD}.Debug|Any CPU.ActiveCfg = Debug|Any CPU
		{87A7F26E-B19B-460F-8D6D-5A34330EFCAD}.Debug|Any CPU.Build.0 = Debug|Any CPU
		{87A7F26E-B19B-460F-8D6D-5A34330EFCAD}.Release|Any CPU.ActiveCfg = Release|Any CPU
		{87A7F26E-B19B-460F-8D6D-5A34330EFCAD}.Release|Any CPU.Build.0 = Release|Any CPU
		{A7C86012-48C6-46C3-8A76-0BD07724C011}.Debug|Any CPU.ActiveCfg = Debug|Any CPU
		{A7C86012-48C6-46C3-8A76-0BD07724C011}.Debug|Any CPU.Build.0 = Debug|Any CPU
		{A7C86012-48C6-46C3-8A76-0BD07724C011}.Release|Any CPU.ActiveCfg = Release|Any CPU
		{A7C86012-48C6-46C3-8A76-0BD07724C011}.Release|Any CPU.Build.0 = Release|Any CPU
		{668DCA15-D607-4452-B919-2EA44554F10A}.Debug|Any CPU.ActiveCfg = Debug|Any CPU
		{668DCA15-D607-4452-B919-2EA44554F10A}.Debug|Any CPU.Build.0 = Debug|Any CPU
		{668DCA15-D607-4452-B919-2EA44554F10A}.Release|Any CPU.ActiveCfg = Release|Any CPU
		{668DCA15-D607-4452-B919-2EA44554F10A}.Release|Any CPU.Build.0 = Release|Any CPU
		{1B9D50E4-5D71-4DB9-86DD-93D9A4AC989D}.Debug|Any CPU.ActiveCfg = Debug|Any CPU
		{1B9D50E4-5D71-4DB9-86DD-93D9A4AC989D}.Debug|Any CPU.Build.0 = Debug|Any CPU
		{1B9D50E4-5D71-4DB9-86DD-93D9A4AC989D}.Release|Any CPU.ActiveCfg = Release|Any CPU
		{1B9D50E4-5D71-4DB9-86DD-93D9A4AC989D}.Release|Any CPU.Build.0 = Release|Any CPU
		{363040F3-0CEA-45CD-B080-A405DAB89102}.Debug|Any CPU.ActiveCfg = Debug|Any CPU
		{363040F3-0CEA-45CD-B080-A405DAB89102}.Debug|Any CPU.Build.0 = Debug|Any CPU
		{363040F3-0CEA-45CD-B080-A405DAB89102}.Release|Any CPU.ActiveCfg = Release|Any CPU
		{363040F3-0CEA-45CD-B080-A405DAB89102}.Release|Any CPU.Build.0 = Release|Any CPU
		{FFB22F24-6602-4311-BFD1-5490919CD725}.Debug|Any CPU.ActiveCfg = Debug|Any CPU
		{FFB22F24-6602-4311-BFD1-5490919CD725}.Debug|Any CPU.Build.0 = Debug|Any CPU
		{FFB22F24-6602-4311-BFD1-5490919CD725}.Release|Any CPU.ActiveCfg = Release|Any CPU
		{FFB22F24-6602-4311-BFD1-5490919CD725}.Release|Any CPU.Build.0 = Release|Any CPU
		{7A0937DD-6820-4CCB-AC8D-14718369B55B}.Debug|Any CPU.ActiveCfg = Debug|Any CPU
		{7A0937DD-6820-4CCB-AC8D-14718369B55B}.Debug|Any CPU.Build.0 = Debug|Any CPU
		{7A0937DD-6820-4CCB-AC8D-14718369B55B}.Release|Any CPU.ActiveCfg = Release|Any CPU
		{7A0937DD-6820-4CCB-AC8D-14718369B55B}.Release|Any CPU.Build.0 = Release|Any CPU
		{0F6D42B0-283E-4A48-AA50-F9F4E2D1C869}.Debug|Any CPU.ActiveCfg = Debug|Any CPU
		{0F6D42B0-283E-4A48-AA50-F9F4E2D1C869}.Debug|Any CPU.Build.0 = Debug|Any CPU
		{0F6D42B0-283E-4A48-AA50-F9F4E2D1C869}.Release|Any CPU.ActiveCfg = Release|Any CPU
		{0F6D42B0-283E-4A48-AA50-F9F4E2D1C869}.Release|Any CPU.Build.0 = Release|Any CPU
		{0D5E3B30-B36D-4737-A2BE-499DF0EABD21}.Debug|Any CPU.ActiveCfg = Debug|Any CPU
		{0D5E3B30-B36D-4737-A2BE-499DF0EABD21}.Debug|Any CPU.Build.0 = Debug|Any CPU
		{0D5E3B30-B36D-4737-A2BE-499DF0EABD21}.Release|Any CPU.ActiveCfg = Release|Any CPU
		{0D5E3B30-B36D-4737-A2BE-499DF0EABD21}.Release|Any CPU.Build.0 = Release|Any CPU
		{FB2B0B50-804B-4990-8592-7E9F04A38A42}.Debug|Any CPU.ActiveCfg = Debug|Any CPU
		{FB2B0B50-804B-4990-8592-7E9F04A38A42}.Debug|Any CPU.Build.0 = Debug|Any CPU
		{FB2B0B50-804B-4990-8592-7E9F04A38A42}.Release|Any CPU.ActiveCfg = Release|Any CPU
		{FB2B0B50-804B-4990-8592-7E9F04A38A42}.Release|Any CPU.Build.0 = Release|Any CPU
		{660EA7EE-DA90-413E-89F3-53196F4BA751}.Debug|Any CPU.ActiveCfg = Debug|Any CPU
		{660EA7EE-DA90-413E-89F3-53196F4BA751}.Debug|Any CPU.Build.0 = Debug|Any CPU
		{660EA7EE-DA90-413E-89F3-53196F4BA751}.Release|Any CPU.ActiveCfg = Release|Any CPU
		{660EA7EE-DA90-413E-89F3-53196F4BA751}.Release|Any CPU.Build.0 = Release|Any CPU
		{C76C225D-B5B6-44DF-B4AC-3474AB934350}.Debug|Any CPU.ActiveCfg = Debug|Any CPU
		{C76C225D-B5B6-44DF-B4AC-3474AB934350}.Debug|Any CPU.Build.0 = Debug|Any CPU
		{C76C225D-B5B6-44DF-B4AC-3474AB934350}.Release|Any CPU.ActiveCfg = Release|Any CPU
		{C76C225D-B5B6-44DF-B4AC-3474AB934350}.Release|Any CPU.Build.0 = Release|Any CPU
		{A0223F66-1872-40CC-A28D-6BBF41D4698C}.Debug|Any CPU.ActiveCfg = Debug|Any CPU
		{A0223F66-1872-40CC-A28D-6BBF41D4698C}.Debug|Any CPU.Build.0 = Debug|Any CPU
		{A0223F66-1872-40CC-A28D-6BBF41D4698C}.Release|Any CPU.ActiveCfg = Release|Any CPU
		{A0223F66-1872-40CC-A28D-6BBF41D4698C}.Release|Any CPU.Build.0 = Release|Any CPU
		{1C56CE29-519A-4232-96D4-DD896C19A6C9}.Debug|Any CPU.ActiveCfg = Debug|Any CPU
		{1C56CE29-519A-4232-96D4-DD896C19A6C9}.Debug|Any CPU.Build.0 = Debug|Any CPU
		{1C56CE29-519A-4232-96D4-DD896C19A6C9}.Release|Any CPU.ActiveCfg = Release|Any CPU
		{1C56CE29-519A-4232-96D4-DD896C19A6C9}.Release|Any CPU.Build.0 = Release|Any CPU
		{775EE1BD-5182-4E03-9E7D-80B25FCD3AA2}.Debug|Any CPU.ActiveCfg = Debug|Any CPU
		{775EE1BD-5182-4E03-9E7D-80B25FCD3AA2}.Debug|Any CPU.Build.0 = Debug|Any CPU
		{775EE1BD-5182-4E03-9E7D-80B25FCD3AA2}.Release|Any CPU.ActiveCfg = Release|Any CPU
		{775EE1BD-5182-4E03-9E7D-80B25FCD3AA2}.Release|Any CPU.Build.0 = Release|Any CPU
		{2CFC90DF-FE03-4749-ABCC-823E07D24C3C}.Debug|Any CPU.ActiveCfg = Debug|Any CPU
		{2CFC90DF-FE03-4749-ABCC-823E07D24C3C}.Debug|Any CPU.Build.0 = Debug|Any CPU
		{2CFC90DF-FE03-4749-ABCC-823E07D24C3C}.Release|Any CPU.ActiveCfg = Release|Any CPU
		{2CFC90DF-FE03-4749-ABCC-823E07D24C3C}.Release|Any CPU.Build.0 = Release|Any CPU
		{7290407F-80A8-4015-BC23-D584428ABF5C}.Debug|Any CPU.ActiveCfg = Debug|Any CPU
		{7290407F-80A8-4015-BC23-D584428ABF5C}.Debug|Any CPU.Build.0 = Debug|Any CPU
		{7290407F-80A8-4015-BC23-D584428ABF5C}.Release|Any CPU.ActiveCfg = Release|Any CPU
		{7290407F-80A8-4015-BC23-D584428ABF5C}.Release|Any CPU.Build.0 = Release|Any CPU
		{E776658B-5BEA-4874-8338-B2BC814BD5C4}.Debug|Any CPU.ActiveCfg = Debug|Any CPU
		{E776658B-5BEA-4874-8338-B2BC814BD5C4}.Debug|Any CPU.Build.0 = Debug|Any CPU
		{E776658B-5BEA-4874-8338-B2BC814BD5C4}.Release|Any CPU.ActiveCfg = Release|Any CPU
		{E776658B-5BEA-4874-8338-B2BC814BD5C4}.Release|Any CPU.Build.0 = Release|Any CPU
		{62C90A3E-5673-4D0A-A063-DD4B76BA96A5}.Debug|Any CPU.ActiveCfg = Debug|Any CPU
		{62C90A3E-5673-4D0A-A063-DD4B76BA96A5}.Debug|Any CPU.Build.0 = Debug|Any CPU
		{62C90A3E-5673-4D0A-A063-DD4B76BA96A5}.Release|Any CPU.ActiveCfg = Release|Any CPU
		{62C90A3E-5673-4D0A-A063-DD4B76BA96A5}.Release|Any CPU.Build.0 = Release|Any CPU
		{7F1A1FF9-C69F-4A11-B7FA-65A893D155EC}.Debug|Any CPU.ActiveCfg = Debug|Any CPU
		{7F1A1FF9-C69F-4A11-B7FA-65A893D155EC}.Debug|Any CPU.Build.0 = Debug|Any CPU
		{7F1A1FF9-C69F-4A11-B7FA-65A893D155EC}.Release|Any CPU.ActiveCfg = Release|Any CPU
		{7F1A1FF9-C69F-4A11-B7FA-65A893D155EC}.Release|Any CPU.Build.0 = Release|Any CPU
		{2AF13C7E-156F-4D25-8273-45766992A60D}.Debug|Any CPU.ActiveCfg = Debug|Any CPU
		{2AF13C7E-156F-4D25-8273-45766992A60D}.Debug|Any CPU.Build.0 = Debug|Any CPU
		{2AF13C7E-156F-4D25-8273-45766992A60D}.Release|Any CPU.ActiveCfg = Release|Any CPU
		{2AF13C7E-156F-4D25-8273-45766992A60D}.Release|Any CPU.Build.0 = Release|Any CPU
		{F7A8CDB4-008E-424D-9FA8-9BB1079EC9C6}.Debug|Any CPU.ActiveCfg = Debug|Any CPU
		{F7A8CDB4-008E-424D-9FA8-9BB1079EC9C6}.Debug|Any CPU.Build.0 = Debug|Any CPU
		{F7A8CDB4-008E-424D-9FA8-9BB1079EC9C6}.Release|Any CPU.ActiveCfg = Release|Any CPU
		{F7A8CDB4-008E-424D-9FA8-9BB1079EC9C6}.Release|Any CPU.Build.0 = Release|Any CPU
		{A22DB571-A75D-43FA-A374-97C79DFD9322}.Debug|Any CPU.ActiveCfg = Debug|Any CPU
		{A22DB571-A75D-43FA-A374-97C79DFD9322}.Debug|Any CPU.Build.0 = Debug|Any CPU
		{A22DB571-A75D-43FA-A374-97C79DFD9322}.Release|Any CPU.ActiveCfg = Release|Any CPU
		{A22DB571-A75D-43FA-A374-97C79DFD9322}.Release|Any CPU.Build.0 = Release|Any CPU
		{C95862DB-25B7-483D-AB75-587A12C3C4D1}.Debug|Any CPU.ActiveCfg = Debug|Any CPU
		{C95862DB-25B7-483D-AB75-587A12C3C4D1}.Debug|Any CPU.Build.0 = Debug|Any CPU
		{C95862DB-25B7-483D-AB75-587A12C3C4D1}.Release|Any CPU.ActiveCfg = Release|Any CPU
		{C95862DB-25B7-483D-AB75-587A12C3C4D1}.Release|Any CPU.Build.0 = Release|Any CPU
		{0DD5541B-0B0F-420B-9CB9-A2D1C0B984C4}.Debug|Any CPU.ActiveCfg = Debug|Any CPU
		{0DD5541B-0B0F-420B-9CB9-A2D1C0B984C4}.Debug|Any CPU.Build.0 = Debug|Any CPU
		{0DD5541B-0B0F-420B-9CB9-A2D1C0B984C4}.Release|Any CPU.ActiveCfg = Release|Any CPU
		{0DD5541B-0B0F-420B-9CB9-A2D1C0B984C4}.Release|Any CPU.Build.0 = Release|Any CPU
		{BB0A0540-A8F3-44BE-8E1C-7A56F915FB4A}.Debug|Any CPU.ActiveCfg = Debug|Any CPU
		{BB0A0540-A8F3-44BE-8E1C-7A56F915FB4A}.Debug|Any CPU.Build.0 = Debug|Any CPU
		{BB0A0540-A8F3-44BE-8E1C-7A56F915FB4A}.Release|Any CPU.ActiveCfg = Release|Any CPU
		{BB0A0540-A8F3-44BE-8E1C-7A56F915FB4A}.Release|Any CPU.Build.0 = Release|Any CPU
		{AE4608E8-0D87-493F-B2C2-FC7C8AAC01E1}.Debug|Any CPU.ActiveCfg = Debug|Any CPU
		{AE4608E8-0D87-493F-B2C2-FC7C8AAC01E1}.Debug|Any CPU.Build.0 = Debug|Any CPU
		{AE4608E8-0D87-493F-B2C2-FC7C8AAC01E1}.Release|Any CPU.ActiveCfg = Release|Any CPU
		{AE4608E8-0D87-493F-B2C2-FC7C8AAC01E1}.Release|Any CPU.Build.0 = Release|Any CPU
		{35922D97-DD7F-4E29-9DD0-1F8DBE3C2072}.Debug|Any CPU.ActiveCfg = Debug|Any CPU
		{35922D97-DD7F-4E29-9DD0-1F8DBE3C2072}.Debug|Any CPU.Build.0 = Debug|Any CPU
		{35922D97-DD7F-4E29-9DD0-1F8DBE3C2072}.Release|Any CPU.ActiveCfg = Release|Any CPU
		{35922D97-DD7F-4E29-9DD0-1F8DBE3C2072}.Release|Any CPU.Build.0 = Release|Any CPU
		{A68B5ECB-458F-4490-9E8A-86D26DAA31F9}.Debug|Any CPU.ActiveCfg = Debug|Any CPU
		{A68B5ECB-458F-4490-9E8A-86D26DAA31F9}.Debug|Any CPU.Build.0 = Debug|Any CPU
		{A68B5ECB-458F-4490-9E8A-86D26DAA31F9}.Release|Any CPU.ActiveCfg = Release|Any CPU
		{A68B5ECB-458F-4490-9E8A-86D26DAA31F9}.Release|Any CPU.Build.0 = Release|Any CPU
		{5040B46D-DEEB-41DC-B179-6F9F02E460E1}.Debug|Any CPU.ActiveCfg = Debug|Any CPU
		{5040B46D-DEEB-41DC-B179-6F9F02E460E1}.Debug|Any CPU.Build.0 = Debug|Any CPU
		{5040B46D-DEEB-41DC-B179-6F9F02E460E1}.Release|Any CPU.ActiveCfg = Release|Any CPU
		{5040B46D-DEEB-41DC-B179-6F9F02E460E1}.Release|Any CPU.Build.0 = Release|Any CPU
		{9CA6A1FE-8CBA-4D76-8D0B-7391684670F6}.Debug|Any CPU.ActiveCfg = Debug|Any CPU
		{9CA6A1FE-8CBA-4D76-8D0B-7391684670F6}.Debug|Any CPU.Build.0 = Debug|Any CPU
		{9CA6A1FE-8CBA-4D76-8D0B-7391684670F6}.Release|Any CPU.ActiveCfg = Release|Any CPU
		{9CA6A1FE-8CBA-4D76-8D0B-7391684670F6}.Release|Any CPU.Build.0 = Release|Any CPU
		{0011B206-A126-4701-A2CC-43813FB5DE1B}.Debug|Any CPU.ActiveCfg = Debug|Any CPU
		{0011B206-A126-4701-A2CC-43813FB5DE1B}.Debug|Any CPU.Build.0 = Debug|Any CPU
		{0011B206-A126-4701-A2CC-43813FB5DE1B}.Release|Any CPU.ActiveCfg = Release|Any CPU
		{0011B206-A126-4701-A2CC-43813FB5DE1B}.Release|Any CPU.Build.0 = Release|Any CPU
		{0BE509F9-CBBA-4BEC-889E-70600931EAB1}.Debug|Any CPU.ActiveCfg = Debug|Any CPU
		{0BE509F9-CBBA-4BEC-889E-70600931EAB1}.Debug|Any CPU.Build.0 = Debug|Any CPU
		{0BE509F9-CBBA-4BEC-889E-70600931EAB1}.Release|Any CPU.ActiveCfg = Release|Any CPU
		{0BE509F9-CBBA-4BEC-889E-70600931EAB1}.Release|Any CPU.Build.0 = Release|Any CPU
	EndGlobalSection
	GlobalSection(SolutionProperties) = preSolution
		HideSolutionNode = FALSE
	EndGlobalSection
EndGlobal
