
Microsoft Visual Studio Solution File, Format Version 12.00
# Visual Studio 2013
VisualStudioVersion = 12.0.20827.3
MinimumVisualStudioVersion = 10.0.40219.1
Project("{FAE04EC0-301F-11D3-BF4B-00C04F79EFBC}") = "Using Indexer", "Using Indexer\Using Indexer.csproj", "{60F2702F-9CB0-4AF9-AC4B-B9FC8A41C524}"
EndProject
Global
	GlobalSection(SolutionConfigurationPlatforms) = preSolution
		Debug|Any CPU = Debug|Any CPU
		Release|Any CPU = Release|Any CPU
	EndGlobalSection
	GlobalSection(ProjectConfigurationPlatforms) = postSolution
		{60F2702F-9CB0-4AF9-AC4B-B9FC8A41C524}.Debug|Any CPU.ActiveCfg = Debug|Any CPU
		{60F2702F-9CB0-4AF9-AC4B-B9FC8A41C524}.Debug|Any CPU.Build.0 = Debug|Any CPU
		{60F2702F-9CB0-4AF9-AC4B-B9FC8A41C524}.Release|Any CPU.ActiveCfg = Release|Any CPU
		{60F2702F-9CB0-4AF9-AC4B-B9FC8A41C524}.Release|Any CPU.Build.0 = Release|Any CPU
	EndGlobalSection
	GlobalSection(SolutionProperties) = preSolution
		HideSolutionNode = FALSE
	EndGlobalSection
EndGlobal
