
Microsoft Visual Studio Solution File, Format Version 12.00
# Visual Studio 2013
VisualStudioVersion = 12.0.20827.3
MinimumVisualStudioVersion = 10.0.40219.1
Project("{FAE04EC0-301F-11D3-BF4B-00C04F79EFBC}") = "Generic Method", "Generic Method\Generic Method.csproj", "{EB3E8900-4B59-44D0-90D8-1AB67FB0C80A}"
EndProject
Project("{FAE04EC0-301F-11D3-BF4B-00C04F79EFBC}") = "Generic Class", "Generic Class\Generic Class.csproj", "{A851D2B6-BF2F-4CC4-BE00-15872EF28B9E}"
EndProject
Project("{FAE04EC0-301F-11D3-BF4B-00C04F79EFBC}") = "Basic Generic Usage", "Basic Generic Usage\Basic Generic Usage.csproj", "{B2230FDA-1752-4891-BA99-B117CB1CE74B}"
EndProject
Global
	GlobalSection(SolutionConfigurationPlatforms) = preSolution
		Debug|Any CPU = Debug|Any CPU
		Release|Any CPU = Release|Any CPU
	EndGlobalSection
	GlobalSection(ProjectConfigurationPlatforms) = postSolution
		{EB3E8900-4B59-44D0-90D8-1AB67FB0C80A}.Debug|Any CPU.ActiveCfg = Debug|Any CPU
		{EB3E8900-4B59-44D0-90D8-1AB67FB0C80A}.Debug|Any CPU.Build.0 = Debug|Any CPU
		{EB3E8900-4B59-44D0-90D8-1AB67FB0C80A}.Release|Any CPU.ActiveCfg = Release|Any CPU
		{EB3E8900-4B59-44D0-90D8-1AB67FB0C80A}.Release|Any CPU.Build.0 = Release|Any CPU
		{A851D2B6-BF2F-4CC4-BE00-15872EF28B9E}.Debug|Any CPU.ActiveCfg = Debug|Any CPU
		{A851D2B6-BF2F-4CC4-BE00-15872EF28B9E}.Debug|Any CPU.Build.0 = Debug|Any CPU
		{A851D2B6-BF2F-4CC4-BE00-15872EF28B9E}.Release|Any CPU.ActiveCfg = Release|Any CPU
		{A851D2B6-BF2F-4CC4-BE00-15872EF28B9E}.Release|Any CPU.Build.0 = Release|Any CPU
		{B2230FDA-1752-4891-BA99-B117CB1CE74B}.Debug|Any CPU.ActiveCfg = Debug|Any CPU
		{B2230FDA-1752-4891-BA99-B117CB1CE74B}.Debug|Any CPU.Build.0 = Debug|Any CPU
		{B2230FDA-1752-4891-BA99-B117CB1CE74B}.Release|Any CPU.ActiveCfg = Release|Any CPU
		{B2230FDA-1752-4891-BA99-B117CB1CE74B}.Release|Any CPU.Build.0 = Release|Any CPU
	EndGlobalSection
	GlobalSection(SolutionProperties) = preSolution
		HideSolutionNode = FALSE
	EndGlobalSection
EndGlobal
